
Microsoft Visual Studio Solution File, Format Version 12.00
# Visual Studio Version 16
VisualStudioVersion = 16.0.29102.190
MinimumVisualStudioVersion = 10.0.40219.1
Project("{FAE04EC0-301F-11D3-BF4B-00C04F79EFBC}") = "Spicy Nvader", "Spicy Nvader.csproj", "{2F37ABDF-5083-4B83-8B44-35194DB5BDBD}"
EndProject
Global
	GlobalSection(SolutionConfigurationPlatforms) = preSolution
		Debug|Any CPU = Debug|Any CPU
		Release|Any CPU = Release|Any CPU
	EndGlobalSection
	GlobalSection(ProjectConfigurationPlatforms) = postSolution
		{2F37ABDF-5083-4B83-8B44-35194DB5BDBD}.Debug|Any CPU.ActiveCfg = Debug|Any CPU
		{2F37ABDF-5083-4B83-8B44-35194DB5BDBD}.Debug|Any CPU.Build.0 = Debug|Any CPU
		{2F37ABDF-5083-4B83-8B44-35194DB5BDBD}.Release|Any CPU.ActiveCfg = Release|Any CPU
		{2F37ABDF-5083-4B83-8B44-35194DB5BDBD}.Release|Any CPU.Build.0 = Release|Any CPU
	EndGlobalSection
	GlobalSection(SolutionProperties) = preSolution
		HideSolutionNode = FALSE
	EndGlobalSection
	GlobalSection(ExtensibilityGlobals) = postSolution
		SolutionGuid = {B9D78B00-82EA-4803-A006-6DEEB1E06366}
	EndGlobalSection
EndGlobal
